{
  "name": "scroll-snapping",
  "version": "1.0.0",
  "lockfileVersion": 1,
  "requires": true,
  "dependencies": {
    "anymatch": {
      "version": "3.1.2",
      "resolved": "https://rb-artifactory.bosch.com:443/artifactory/api/npm/npm-repo/anymatch/-/anymatch-3.1.2.tgz",
      "integrity": "sha1-wFV8CWrzLxBhmPT04qODU343hxY=",
      "requires": {
        "normalize-path": "^3.0.0",
        "picomatch": "^2.0.4"
      }
    },
    "binary-extensions": {
      "version": "2.2.0",
      "resolved": "https://rb-artifactory.bosch.com:443/artifactory/api/npm/npm-repo/binary-extensions/-/binary-extensions-2.2.0.tgz",
      "integrity": "sha1-dfUC7q+f/eQvyYgpZFvk6na9ni0="
    },
    "braces": {
      "version": "3.0.2",
      "resolved": "https://rb-artifactory.bosch.com:443/artifactory/api/npm/npm-repo/braces/-/braces-3.0.2.tgz",
      "integrity": "sha1-NFThpGLujVmeI23zNs2epPiv4Qc=",
      "requires": {
        "fill-range": "^7.0.1"
      }
    },
    "chokidar": {
      "version": "3.5.3",
      "resolved": "https://rb-artifactory.bosch.com:443/artifactory/api/npm/npm-repo/chokidar/-/chokidar-3.5.3.tgz",
      "integrity": "sha1-HPN8hwe5Mr0a8a4iwEMuKs0ZA70=",
      "requires": {
        "anymatch": "~3.1.2",
        "braces": "~3.0.2",
        "fsevents": "~2.3.2",
        "glob-parent": "~5.1.2",
        "is-binary-path": "~2.1.0",
        "is-glob": "~4.0.1",
        "normalize-path": "~3.0.0",
        "readdirp": "~3.6.0"
      }
    },
    "fill-range": {
      "version": "7.0.1",
      "resolved": "https://rb-artifactory.bosch.com:443/artifactory/api/npm/npm-repo/fill-range/-/fill-range-7.0.1.tgz",
      "integrity": "sha1-GRmmp8df44ssfHflGYU12prN2kA=",
      "requires": {
        "to-regex-range": "^5.0.1"
      }
    },
    "fsevents": {
      "version": "2.3.2",
      "resolved": "https://rb-artifactory.bosch.com:443/artifactory/api/npm/npm-repo/fsevents/-/fsevents-2.3.2.tgz",
      "integrity": "sha1-ilJveLj99GI7cJ4Ll1xSwkwC/Ro=",
      "optional": true
    },
    "glob-parent": {
      "version": "5.1.2",
      "resolved": "https://rb-artifactory.bosch.com:443/artifactory/api/npm/npm-repo/glob-parent/-/glob-parent-5.1.2.tgz",
      "integrity": "sha1-hpgyxYA0/mikCTwX3BXoNA2EAcQ=",
      "requires": {
        "is-glob": "^4.0.1"
      }
    },
    "immutable": {
      "version": "4.0.0",
      "resolved": "https://rb-artifactory.bosch.com:443/artifactory/api/npm/npm-repo/immutable/-/immutable-4.0.0.tgz",
      "integrity": "sha1-uG943mre82CDle+yaakUYnl+LCM="
    },
    "is-binary-path": {
      "version": "2.1.0",
      "resolved": "https://rb-artifactory.bosch.com:443/artifactory/api/npm/npm-repo/is-binary-path/-/is-binary-path-2.1.0.tgz",
      "integrity": "sha1-6h9/O4DwZCNug0cPhsCcJU+0Wwk=",
      "requires": {
        "binary-extensions": "^2.0.0"
      }
    },
    "is-extglob": {
      "version": "2.1.1",
      "resolved": "https://rb-artifactory.bosch.com:443/artifactory/api/npm/npm-repo/is-extglob/-/is-extglob-2.1.1.tgz",
      "integrity": "sha1-qIwCU1eR8C7TfHahueqXc8gz+MI="
    },
    "is-glob": {
      "version": "4.0.3",
      "resolved": "https://rb-artifactory.bosch.com:443/artifactory/api/npm/npm-repo/is-glob/-/is-glob-4.0.3.tgz",
      "integrity": "sha1-ZPYeQsu7LuwgcanawLKLoeZdUIQ=",
      "requires": {
        "is-extglob": "^2.1.1"
      }
    },
    "is-number": {
      "version": "7.0.0",
      "resolved": "https://rb-artifactory.bosch.com:443/artifactory/api/npm/npm-repo/is-number/-/is-number-7.0.0.tgz",
      "integrity": "sha1-dTU0W4lnNNX4DE0GxQlVUnoU8Ss="
    },
    "normalize-path": {
      "version": "3.0.0",
      "resolved": "https://rb-artifactory.bosch.com:443/artifactory/api/npm/npm-repo/normalize-path/-/normalize-path-3.0.0.tgz",
      "integrity": "sha1-Dc1p/yOhybEf0JeDFmRKA4ghamU="
    },
    "picomatch": {
      "version": "2.3.1",
      "resolved": "https://rb-artifactory.bosch.com:443/artifactory/api/npm/npm-repo/picomatch/-/picomatch-2.3.1.tgz",
      "integrity": "sha1-O6ODNzNkbZ0+SZWUbBNlpn+wekI="
    },
    "readdirp": {
      "version": "3.6.0",
      "resolved": "https://rb-artifactory.bosch.com:443/artifactory/api/npm/npm-repo/readdirp/-/readdirp-3.6.0.tgz",
      "integrity": "sha1-dKNwvYVxFuJFspzJc0DNQxoCpsc=",
      "requires": {
        "picomatch": "^2.2.1"
      }
    },
    "sass": {
      "version": "1.51.0",
      "resolved": "https://rb-artifactory.bosch.com:443/artifactory/api/npm/npm-repo/sass/-/sass-1.51.0.tgz",
      "integrity": "sha1-Jeo2z4GVgf4f6DKejDpOqvcNKEU=",
      "requires": {
        "chokidar": ">=3.0.0 <4.0.0",
        "immutable": "^4.0.0",
        "source-map-js": ">=0.6.2 <2.0.0"
      }
    },
    "source-map-js": {
      "version": "1.0.2",
      "resolved": "https://rb-artifactory.bosch.com:443/artifactory/api/npm/npm-repo/source-map-js/-/source-map-js-1.0.2.tgz",
      "integrity": "sha1-rbw2HZxi3zgBJefxYfccgm8eSQw="
    },
    "to-regex-range": {
      "version": "5.0.1",
      "resolved": "https://rb-artifactory.bosch.com:443/artifactory/api/npm/npm-repo/to-regex-range/-/to-regex-range-5.0.1.tgz",
      "integrity": "sha1-FkjESq58jZiKMmAY7XL1tN0DkuQ=",
      "requires": {
        "is-number": "^7.0.0"
      }
    }
  }
}
