{
  "nodes": {
    "nixpkgs": {
      "locked": {
        "lastModified": 1687130670,
        "narHash": "sha256-VKTdfsJe7sVTTqxTd3eRGPoUgEeJKD+kwS86B6TY874=",
        "owner": "nixos",
        "repo": "nixpkgs",
        "rev": "c1bca7fe84c646cfd4ebf3482c0e6317a0b13f22",
        "type": "github"
      },
      "original": {
        "owner": "nixos",
        "ref": "nixpkgs-unstable",
        "repo": "nixpkgs",
        "type": "github"
      }
    },
    "root": {
      "inputs": {
        "nixpkgs": "nixpkgs",
        "stable": "stable"
      }
    },
    "stable": {
      "locked": {
        "lastModified": 1687019075,
        "narHash": "sha256-YjB+tp0DPfzct8XmXNW1UAfQp0irIVM7nGcJPiqT61c=",
        "owner": "nixos",
        "repo": "nixpkgs",
        "rev": "50d2e0780758fcb41cf5e494a51624cbf6c40b20",
        "type": "github"
      },
      "original": {
        "owner": "nixos",
        "ref": "nixos-22.11",
        "repo": "nixpkgs",
        "type": "github"
      }
    }
  },
  "root": "root",
  "version": 7
}
